
Microsoft Visual Studio Solution File, Format Version 12.00
# Visual Studio Version 16
VisualStudioVersion = 16.0.32510.428
MinimumVisualStudioVersion = 10.0.40219.1
Project("{FAE04EC0-301F-11D3-BF4B-00C04F79EFBC}") = "Fiorello", "Fiorello.csproj", "{89EBEF18-6EC6-45B2-9522-9F2CDA099063}"
EndProject
Global
	GlobalSection(SolutionConfigurationPlatforms) = preSolution
		Debug|Any CPU = Debug|Any CPU
		Release|Any CPU = Release|Any CPU
	EndGlobalSection
	GlobalSection(ProjectConfigurationPlatforms) = postSolution
		{89EBEF18-6EC6-45B2-9522-9F2CDA099063}.Debug|Any CPU.ActiveCfg = Debug|Any CPU
		{89EBEF18-6EC6-45B2-9522-9F2CDA099063}.Debug|Any CPU.Build.0 = Debug|Any CPU
		{89EBEF18-6EC6-45B2-9522-9F2CDA099063}.Release|Any CPU.ActiveCfg = Release|Any CPU
		{89EBEF18-6EC6-45B2-9522-9F2CDA099063}.Release|Any CPU.Build.0 = Release|Any CPU
	EndGlobalSection
	GlobalSection(SolutionProperties) = preSolution
		HideSolutionNode = FALSE
	EndGlobalSection
	GlobalSection(ExtensibilityGlobals) = postSolution
		SolutionGuid = {BF2798B1-7798-4F1E-A8BD-527F034250F5}
	EndGlobalSection
EndGlobal
